Microsoft Visual Studio Solution File, Format Version 12.00
# Visual Studio Version 17
VisualStudioVersion = 17.5.2.0
MinimumVisualStudioVersion = 10.0.40219.1
Project("{FAE04EC0-301F-11D3-BF4B-00C04F79EFBC}") = "MapeamentoRedeApi", "MapeamentoRedeApi\MapeamentoRedeApi.csproj", "{A8ED53F5-C966-3ACB-FFC8-E2F555CFEBB2}"
EndProject
Global
	GlobalSection(SolutionConfigurationPlatforms) = preSolution
		Debug|Any CPU = Debug|Any CPU
		Release|Any CPU = Release|Any CPU
	EndGlobalSection
	GlobalSection(ProjectConfigurationPlatforms) = postSolution
		{A8ED53F5-C966-3ACB-FFC8-E2F555CFEBB2}.Debug|Any CPU.ActiveCfg = Debug|Any CPU
		{A8ED53F5-C966-3ACB-FFC8-E2F555CFEBB2}.Debug|Any CPU.Build.0 = Debug|Any CPU
		{A8ED53F5-C966-3ACB-FFC8-E2F555CFEBB2}.Release|Any CPU.ActiveCfg = Release|Any CPU
		{A8ED53F5-C966-3ACB-FFC8-E2F555CFEBB2}.Release|Any CPU.Build.0 = Release|Any CPU
	EndGlobalSection
	GlobalSection(SolutionProperties) = preSolution
		HideSolutionNode = FALSE
	EndGlobalSection
	GlobalSection(ExtensibilityGlobals) = postSolution
		SolutionGuid = {48E04B1D-5423-4538-82C1-2244D664C744}
	EndGlobalSection
EndGlobal
